{
  "name": "@kwenta/cross-margin-manager",
  "version": "2.0.0",
  "lockfileVersion": 2,
  "requires": true,
  "packages": {
    "": {
      "name": "@kwenta/cross-margin-manager",
      "version": "2.0.0",
      "devDependencies": {},
      "engines": {
        "node": ">=14.0.0"
      }
    }
  }
}
